// !$*UTF8*$!
{
	archiveVersion = 1;
	classes = {
	};
	objectVersion = 46;
	objects = {

/* Begin PBXGroup section */
		E3B6834F18EFCD5300CD8749 = {
			isa = PBXGroup;
			children = (
			);
			sourceTree = "<group>";
		};
/* End PBXGroup section */

/* Begin PBXProject section */
		E3B6835018EFCD5300CD8749 /* Project object */ = {
			isa = PBXProject;
			attributes = {
				LastUpgradeCheck = 0510;
			};
			buildConfigurationList = E3B6835318EFCD5300CD8749 /* Build configuration list for PBXProject "AnkitRX" */;
			compatibilityVersion = "Xcode 3.2";
			developmentRegion = English;
			hasScannedForEncodings = 0;
			knownRegions = (
				en,
			);
			mainGroup = E3B6834F18EFCD5300CD8749;
			projectDirPath = "";
			projectRoot = "";
			targets = (
			);
		};
/* End PBXProject section */

/* Begin XCBuildConfiguration section */
		E3B6835418EFCD5300CD8749 /* Debug */ = {
			isa = XCBuildConfiguration;
			buildSettings = {
			};
			name = Debug;
		};
		E3B6835518EFCD5300CD8749 /* Release */ = {
			isa = XCBuildConfiguration;
			buildSettings = {
			};
			name = Release;
		};
/* End XCBuildConfiguration section */

/* Begin XCConfigurationList section */
		E3B6835318EFCD5300CD8749 /* Build configuration list for PBXProject "AnkitRX" */ = {
			isa = XCConfigurationList;
			buildConfigurations = (
				E3B6835418EFCD5300CD8749 /* Debug */,
				E3B6835518EFCD5300CD8749 /* Release */,
			);
			defaultConfigurationIsVisible = 0;
			defaultConfigurationName = Release;
		};
/* End XCConfigurationList section */
	};
	rootObject = E3B6835018EFCD5300CD8749 /* Project object */;
}
